
Microsoft Visual Studio Solution File, Format Version 12.00
# Visual Studio Version 16
VisualStudioVersion = 16.0.31205.134
MinimumVisualStudioVersion = 10.0.40219.1
Project("{FAE04EC0-301F-11D3-BF4B-00C04F79EFBC}") = "RestSharpTest", "RestSharpTest\RestSharpTest.csproj", "{98D43F18-70BB-4852-9CBD-E6E451BF0944}"
EndProject
Project("{2150E333-8FDC-42A3-9474-1A3956D46DE8}") = "Solution Items", "Solution Items", "{88CEED12-78FD-4885-8563-CA301763E35B}"
	ProjectSection(SolutionItems) = preProject
		.editorconfig = .editorconfig
	EndProjectSection
EndProject
Global
	GlobalSection(SolutionConfigurationPlatforms) = preSolution
		Debug|Any CPU = Debug|Any CPU
		Release|Any CPU = Release|Any CPU
	EndGlobalSection
	GlobalSection(ProjectConfigurationPlatforms) = postSolution
		{98D43F18-70BB-4852-9CBD-E6E451BF0944}.Debug|Any CPU.ActiveCfg = Debug|Any CPU
		{98D43F18-70BB-4852-9CBD-E6E451BF0944}.Debug|Any CPU.Build.0 = Debug|Any CPU
		{98D43F18-70BB-4852-9CBD-E6E451BF0944}.Release|Any CPU.ActiveCfg = Release|Any CPU
		{98D43F18-70BB-4852-9CBD-E6E451BF0944}.Release|Any CPU.Build.0 = Release|Any CPU
	EndGlobalSection
	GlobalSection(SolutionProperties) = preSolution
		HideSolutionNode = FALSE
	EndGlobalSection
	GlobalSection(ExtensibilityGlobals) = postSolution
		SolutionGuid = {B8B55CA5-7B76-41CC-9887-29809C2A13E6}
	EndGlobalSection
EndGlobal
